
Microsoft Visual Studio Solution File, Format Version 12.00
# Visual Studio 15
VisualStudioVersion = 15.0.28307.1209
MinimumVisualStudioVersion = 10.0.40219.1
Project("{8BC9CEB8-8B4A-11D0-8D11-00A0C91BC942}") = "Project2", "Project2\Project2.vcxproj", "{5263F438-2E8E-4D37-9976-264D9FCB73FC}"
EndProject
Global
	GlobalSection(SolutionConfigurationPlatforms) = preSolution
		Debug|x64 = Debug|x64
		Debug|x86 = Debug|x86
		Release|x64 = Release|x64
		Release|x86 = Release|x86
	EndGlobalSection
	GlobalSection(ProjectConfigurationPlatforms) = postSolution
		{5263F438-2E8E-4D37-9976-264D9FCB73FC}.Debug|x64.ActiveCfg = Debug|x64
		{5263F438-2E8E-4D37-9976-264D9FCB73FC}.Debug|x64.Build.0 = Debug|x64
		{5263F438-2E8E-4D37-9976-264D9FCB73FC}.Debug|x86.ActiveCfg = Debug|Win32
		{5263F438-2E8E-4D37-9976-264D9FCB73FC}.Debug|x86.Build.0 = Debug|Win32
		{5263F438-2E8E-4D37-9976-264D9FCB73FC}.Release|x64.ActiveCfg = Release|x64
		{5263F438-2E8E-4D37-9976-264D9FCB73FC}.Release|x64.Build.0 = Release|x64
		{5263F438-2E8E-4D37-9976-264D9FCB73FC}.Release|x86.ActiveCfg = Release|Win32
		{5263F438-2E8E-4D37-9976-264D9FCB73FC}.Release|x86.Build.0 = Release|Win32
	EndGlobalSection
	GlobalSection(SolutionProperties) = preSolution
		HideSolutionNode = FALSE
	EndGlobalSection
	GlobalSection(ExtensibilityGlobals) = postSolution
		SolutionGuid = {B1660BC9-8BCC-426A-84A5-CDDAA91DB69D}
	EndGlobalSection
EndGlobal
